// !$*UTF8*$!
{
	archiveVersion = 1;
	classes = {
	};
	objectVersion = 55;
	objects = {

/* Begin PBXBuildFile section */
		0BED90E027F37A220083C7E4 /* AppDelegate.swift in Sources */ = {isa = PBXBuildFile; fileRef = 0BED90DF27F37A220083C7E4 /* AppDelegate.swift */; };
		0BED90E227F37A220083C7E4 /* SceneDelegate.swift in Sources */ = {isa = PBXBuildFile; fileRef = 0BED90E127F37A220083C7E4 /* SceneDelegate.swift */; };
		0BED90E427F37A220083C7E4 /* ViewController.swift in Sources */ = {isa = PBXBuildFile; fileRef = 0BED90E327F37A220083C7E4 /* ViewController.swift */; };
		0BED90E727F37A220083C7E4 /* Main.storyboard in Resources */ = {isa = PBXBuildFile; fileRef = 0BED90E527F37A220083C7E4 /* Main.storyboard */; };
		0BED90E927F37A240083C7E4 /* Assets.xcassets in Resources */ = {isa = PBXBuildFile; fileRef = 0BED90E827F37A240083C7E4 /* Assets.xcassets */; };
		0BED90EC27F37A240083C7E4 /* LaunchScreen.storyboard in Resources */ = {isa = PBXBuildFile; fileRef = 0BED90EA27F37A240083C7E4 /* LaunchScreen.storyboard */; };
		0BED90F627F37B0C0083C7E4 /* GoogleService-Info.plist in Resources */ = {isa = PBXBuildFile; fileRef = 0BED90F527F37B0C0083C7E4 /* GoogleService-Info.plist */; };
		0BED90F927F37B6E0083C7E4 /* FirebaseAnalytics in Frameworks */ = {isa = PBXBuildFile; productRef = 0BED90F827F37B6E0083C7E4 /* FirebaseAnalytics */; };
		0BED90FB27F37B6E0083C7E4 /* FirebaseAnalyticsSwift-Beta in Frameworks */ = {isa = PBXBuildFile; productRef = 0BED90FA27F37B6E0083C7E4 /* FirebaseAnalyticsSwift-Beta */; };
		0BED90FD27F37B6E0083C7E4 /* FirebaseAnalyticsWithoutAdIdSupport in Frameworks */ = {isa = PBXBuildFile; productRef = 0BED90FC27F37B6E0083C7E4 /* FirebaseAnalyticsWithoutAdIdSupport */; };
		0BED90FF27F37B6E0083C7E4 /* FirebaseAppCheck in Frameworks */ = {isa = PBXBuildFile; productRef = 0BED90FE27F37B6E0083C7E4 /* FirebaseAppCheck */; };
		0BED910127F37B6E0083C7E4 /* FirebaseAppDistribution-Beta in Frameworks */ = {isa = PBXBuildFile; productRef = 0BED910027F37B6E0083C7E4 /* FirebaseAppDistribution-Beta */; };
		0BED910327F37B6E0083C7E4 /* FirebaseAuth in Frameworks */ = {isa = PBXBuildFile; productRef = 0BED910227F37B6E0083C7E4 /* FirebaseAuth */; };
		0BED910527F37B6E0083C7E4 /* FirebaseAuthCombine-Community in Frameworks */ = {isa = PBXBuildFile; productRef = 0BED910427F37B6E0083C7E4 /* FirebaseAuthCombine-Community */; };
		0BED910727F37B6E0083C7E4 /* FirebaseCrashlytics in Frameworks */ = {isa = PBXBuildFile; productRef = 0BED910627F37B6E0083C7E4 /* FirebaseCrashlytics */; };
		0BED910927F37B6E0083C7E4 /* FirebaseDatabase in Frameworks */ = {isa = PBXBuildFile; productRef = 0BED910827F37B6E0083C7E4 /* FirebaseDatabase */; };
		0BED910B27F37B6E0083C7E4 /* FirebaseDatabaseSwift-Beta in Frameworks */ = {isa = PBXBuildFile; productRef = 0BED910A27F37B6E0083C7E4 /* FirebaseDatabaseSwift-Beta */; };
		0BED910D27F37B6E0083C7E4 /* FirebaseDynamicLinks in Frameworks */ = {isa = PBXBuildFile; productRef = 0BED910C27F37B6E0083C7E4 /* FirebaseDynamicLinks */; };
		0BED910F27F37B6E0083C7E4 /* FirebaseFirestore in Frameworks */ = {isa = PBXBuildFile; productRef = 0BED910E27F37B6E0083C7E4 /* FirebaseFirestore */; };
		0BED911127F37B6E0083C7E4 /* FirebaseFirestoreCombine-Community in Frameworks */ = {isa = PBXBuildFile; productRef = 0BED911027F37B6E0083C7E4 /* FirebaseFirestoreCombine-Community */; };
		0BED911327F37B6E0083C7E4 /* FirebaseFirestoreSwift-Beta in Frameworks */ = {isa = PBXBuildFile; productRef = 0BED911227F37B6E0083C7E4 /* FirebaseFirestoreSwift-Beta */; };
		0BED911527F37B6F0083C7E4 /* FirebaseFunctions in Frameworks */ = {isa = PBXBuildFile; productRef = 0BED911427F37B6F0083C7E4 /* FirebaseFunctions */; };
		0BED911727F37B6F0083C7E4 /* FirebaseFunctionsCombine-Community in Frameworks */ = {isa = PBXBuildFile; productRef = 0BED911627F37B6F0083C7E4 /* FirebaseFunctionsCombine-Community */; };
		0BED911927F37B6F0083C7E4 /* FirebaseFunctionsSwift-Beta in Frameworks */ = {isa = PBXBuildFile; productRef = 0BED911827F37B6F0083C7E4 /* FirebaseFunctionsSwift-Beta */; };
		0BED911B27F37B6F0083C7E4 /* FirebaseInAppMessaging-Beta in Frameworks */ = {isa = PBXBuildFile; productRef = 0BED911A27F37B6F0083C7E4 /* FirebaseInAppMessaging-Beta */; };
		0BED911D27F37B6F0083C7E4 /* FirebaseInAppMessagingSwift-Beta in Frameworks */ = {isa = PBXBuildFile; productRef = 0BED911C27F37B6F0083C7E4 /* FirebaseInAppMessagingSwift-Beta */; };
		0BED911F27F37B6F0083C7E4 /* FirebaseInstallations in Frameworks */ = {isa = PBXBuildFile; productRef = 0BED911E27F37B6F0083C7E4 /* FirebaseInstallations */; };
		0BED912127F37B6F0083C7E4 /* FirebaseMLModelDownloader in Frameworks */ = {isa = PBXBuildFile; productRef = 0BED912027F37B6F0083C7E4 /* FirebaseMLModelDownloader */; };
		0BED912327F37B6F0083C7E4 /* FirebaseMessaging in Frameworks */ = {isa = PBXBuildFile; productRef = 0BED912227F37B6F0083C7E4 /* FirebaseMessaging */; };
		0BED912527F37B6F0083C7E4 /* FirebasePerformance in Frameworks */ = {isa = PBXBuildFile; productRef = 0BED912427F37B6F0083C7E4 /* FirebasePerformance */; };
		0BED912727F37B6F0083C7E4 /* FirebaseRemoteConfig in Frameworks */ = {isa = PBXBuildFile; productRef = 0BED912627F37B6F0083C7E4 /* FirebaseRemoteConfig */; };
		0BED912927F37B6F0083C7E4 /* FirebaseRemoteConfigSwift-Beta in Frameworks */ = {isa = PBXBuildFile; productRef = 0BED912827F37B6F0083C7E4 /* FirebaseRemoteConfigSwift-Beta */; };
		0BED912B27F37B6F0083C7E4 /* FirebaseStorage in Frameworks */ = {isa = PBXBuildFile; productRef = 0BED912A27F37B6F0083C7E4 /* FirebaseStorage */; };
		0BED912D27F37B6F0083C7E4 /* FirebaseStorageCombine-Community in Frameworks */ = {isa = PBXBuildFile; productRef = 0BED912C27F37B6F0083C7E4 /* FirebaseStorageCombine-Community */; };
		0BED912F27F37B6F0083C7E4 /* FirebaseStorageSwift-Beta in Frameworks */ = {isa = PBXBuildFile; productRef = 0BED912E27F37B6F0083C7E4 /* FirebaseStorageSwift-Beta */; };
/* End PBXBuildFile section */

/* Begin PBXFileReference section */
		0BED90DC27F37A220083C7E4 /* CaptainCook.app */ = {isa = PBXFileReference; explicitFileType = wrapper.application; includeInIndex = 0; path = CaptainCook.app; sourceTree = BUILT_PRODUCTS_DIR; };
		0BED90DF27F37A220083C7E4 /* AppDelegate.swift */ = {isa = PBXFileReference; lastKnownFileType = sourcecode.swift; path = AppDelegate.swift; sourceTree = "<group>"; };
		0BED90E127F37A220083C7E4 /* SceneDelegate.swift */ = {isa = PBXFileReference; lastKnownFileType = sourcecode.swift; path = SceneDelegate.swift; sourceTree = "<group>"; };
		0BED90E327F37A220083C7E4 /* ViewController.swift */ = {isa = PBXFileReference; lastKnownFileType = sourcecode.swift; path = ViewController.swift; sourceTree = "<group>"; };
		0BED90E627F37A220083C7E4 /* Base */ = {isa = PBXFileReference; lastKnownFileType = file.storyboard; name = Base; path = Base.lproj/Main.storyboard; sourceTree = "<group>"; };
		0BED90E827F37A240083C7E4 /* Assets.xcassets */ = {isa = PBXFileReference; lastKnownFileType = folder.assetcatalog; path = Assets.xcassets; sourceTree = "<group>"; };
		0BED90EB27F37A240083C7E4 /* Base */ = {isa = PBXFileReference; lastKnownFileType = file.storyboard; name = Base; path = Base.lproj/LaunchScreen.storyboard; sourceTree = "<group>"; };
		0BED90ED27F37A240083C7E4 /* Info.plist */ = {isa = PBXFileReference; lastKnownFileType = text.plist.xml; path = Info.plist; sourceTree = "<group>"; };
		0BED90F527F37B0C0083C7E4 /* GoogleService-Info.plist */ = {isa = PBXFileReference; fileEncoding = 4; lastKnownFileType = text.plist.xml; path = "GoogleService-Info.plist"; sourceTree = "<group>"; };
/* End PBXFileReference section */

/* Begin PBXFrameworksBuildPhase section */
		0BED90D927F37A220083C7E4 /* Frameworks */ = {
			isa = PBXFrameworksBuildPhase;
			buildActionMask = 2147483647;
			files = (
				0BED911127F37B6E0083C7E4 /* FirebaseFirestoreCombine-Community in Frameworks */,
				0BED910B27F37B6E0083C7E4 /* FirebaseDatabaseSwift-Beta in Frameworks */,
				0BED910D27F37B6E0083C7E4 /* FirebaseDynamicLinks in Frameworks */,
				0BED90FF27F37B6E0083C7E4 /* FirebaseAppCheck in Frameworks */,
				0BED910327F37B6E0083C7E4 /* FirebaseAuth in Frameworks */,
				0BED912F27F37B6F0083C7E4 /* FirebaseStorageSwift-Beta in Frameworks */,
				0BED90FB27F37B6E0083C7E4 /* FirebaseAnalyticsSwift-Beta in Frameworks */,
				0BED912927F37B6F0083C7E4 /* FirebaseRemoteConfigSwift-Beta in Frameworks */,
				0BED912127F37B6F0083C7E4 /* FirebaseMLModelDownloader in Frameworks */,
				0BED910F27F37B6E0083C7E4 /* FirebaseFirestore in Frameworks */,
				0BED911727F37B6F0083C7E4 /* FirebaseFunctionsCombine-Community in Frameworks */,
				0BED910127F37B6E0083C7E4 /* FirebaseAppDistribution-Beta in Frameworks */,
				0BED90FD27F37B6E0083C7E4 /* FirebaseAnalyticsWithoutAdIdSupport in Frameworks */,
				0BED911327F37B6E0083C7E4 /* FirebaseFirestoreSwift-Beta in Frameworks */,
				0BED911B27F37B6F0083C7E4 /* FirebaseInAppMessaging-Beta in Frameworks */,
				0BED910727F37B6E0083C7E4 /* FirebaseCrashlytics in Frameworks */,
				0BED910927F37B6E0083C7E4 /* FirebaseDatabase in Frameworks */,
				0BED912D27F37B6F0083C7E4 /* FirebaseStorageCombine-Community in Frameworks */,
				0BED912727F37B6F0083C7E4 /* FirebaseRemoteConfig in Frameworks */,
				0BED911927F37B6F0083C7E4 /* FirebaseFunctionsSwift-Beta in Frameworks */,
				0BED911527F37B6F0083C7E4 /* FirebaseFunctions in Frameworks */,
				0BED912527F37B6F0083C7E4 /* FirebasePerformance in Frameworks */,
				0BED911D27F37B6F0083C7E4 /* FirebaseInAppMessagingSwift-Beta in Frameworks */,
				0BED912B27F37B6F0083C7E4 /* FirebaseStorage in Frameworks */,
				0BED910527F37B6E0083C7E4 /* FirebaseAuthCombine-Community in Frameworks */,
				0BED90F927F37B6E0083C7E4 /* FirebaseAnalytics in Frameworks */,
				0BED912327F37B6F0083C7E4 /* FirebaseMessaging in Frameworks */,
				0BED911F27F37B6F0083C7E4 /* FirebaseInstallations in Frameworks */,
			);
			runOnlyForDeploymentPostprocessing = 0;
		};
/* End PBXFrameworksBuildPhase section */

/* Begin PBXGroup section */
		0BED90D327F37A220083C7E4 = {
			isa = PBXGroup;
			children = (
				0BED90DE27F37A220083C7E4 /* CaptainCook */,
				0BED90DD27F37A220083C7E4 /* Products */,
			);
			sourceTree = "<group>";
		};
		0BED90DD27F37A220083C7E4 /* Products */ = {
			isa = PBXGroup;
			children = (
				0BED90DC27F37A220083C7E4 /* CaptainCook.app */,
			);
			name = Products;
			sourceTree = "<group>";
		};
		0BED90DE27F37A220083C7E4 /* CaptainCook */ = {
			isa = PBXGroup;
			children = (
				0BED90DF27F37A220083C7E4 /* AppDelegate.swift */,
				0BED90E127F37A220083C7E4 /* SceneDelegate.swift */,
				0BED90E327F37A220083C7E4 /* ViewController.swift */,
				0BED90E527F37A220083C7E4 /* Main.storyboard */,
				0BED90E827F37A240083C7E4 /* Assets.xcassets */,
				0BED90EA27F37A240083C7E4 /* LaunchScreen.storyboard */,
				0BED90ED27F37A240083C7E4 /* Info.plist */,
				0BED90F527F37B0C0083C7E4 /* GoogleService-Info.plist */,
			);
			path = CaptainCook;
			sourceTree = "<group>";
		};
/* End PBXGroup section */

/* Begin PBXNativeTarget section */
		0BED90DB27F37A220083C7E4 /* CaptainCook */ = {
			isa = PBXNativeTarget;
			buildConfigurationList = 0BED90F027F37A240083C7E4 /* Build configuration list for PBXNativeTarget "CaptainCook" */;
			buildPhases = (
				0BED90D827F37A220083C7E4 /* Sources */,
				0BED90D927F37A220083C7E4 /* Frameworks */,
				0BED90DA27F37A220083C7E4 /* Resources */,
				0B1335BB2828144E00DEC638 /* ShellScript */,
			);
			buildRules = (
			);
			dependencies = (
			);
			name = CaptainCook;
			packageProductDependencies = (
				0BED90F827F37B6E0083C7E4 /* FirebaseAnalytics */,
				0BED90FA27F37B6E0083C7E4 /* FirebaseAnalyticsSwift-Beta */,
				0BED90FC27F37B6E0083C7E4 /* FirebaseAnalyticsWithoutAdIdSupport */,
				0BED90FE27F37B6E0083C7E4 /* FirebaseAppCheck */,
				0BED910027F37B6E0083C7E4 /* FirebaseAppDistribution-Beta */,
				0BED910227F37B6E0083C7E4 /* FirebaseAuth */,
				0BED910427F37B6E0083C7E4 /* FirebaseAuthCombine-Community */,
				0BED910627F37B6E0083C7E4 /* FirebaseCrashlytics */,
				0BED910827F37B6E0083C7E4 /* FirebaseDatabase */,
				0BED910A27F37B6E0083C7E4 /* FirebaseDatabaseSwift-Beta */,
				0BED910C27F37B6E0083C7E4 /* FirebaseDynamicLinks */,
				0BED910E27F37B6E0083C7E4 /* FirebaseFirestore */,
				0BED911027F37B6E0083C7E4 /* FirebaseFirestoreCombine-Community */,
				0BED911227F37B6E0083C7E4 /* FirebaseFirestoreSwift-Beta */,
				0BED911427F37B6F0083C7E4 /* FirebaseFunctions */,
				0BED911627F37B6F0083C7E4 /* FirebaseFunctionsCombine-Community */,
				0BED911827F37B6F0083C7E4 /* FirebaseFunctionsSwift-Beta */,
				0BED911A27F37B6F0083C7E4 /* FirebaseInAppMessaging-Beta */,
				0BED911C27F37B6F0083C7E4 /* FirebaseInAppMessagingSwift-Beta */,
				0BED911E27F37B6F0083C7E4 /* FirebaseInstallations */,
				0BED912027F37B6F0083C7E4 /* FirebaseMLModelDownloader */,
				0BED912227F37B6F0083C7E4 /* FirebaseMessaging */,
				0BED912427F37B6F0083C7E4 /* FirebasePerformance */,
				0BED912627F37B6F0083C7E4 /* FirebaseRemoteConfig */,
				0BED912827F37B6F0083C7E4 /* FirebaseRemoteConfigSwift-Beta */,
				0BED912A27F37B6F0083C7E4 /* FirebaseStorage */,
				0BED912C27F37B6F0083C7E4 /* FirebaseStorageCombine-Community */,
				0BED912E27F37B6F0083C7E4 /* FirebaseStorageSwift-Beta */,
			);
			productName = CaptainCook;
			productReference = 0BED90DC27F37A220083C7E4 /* CaptainCook.app */;
			productType = "com.apple.product-type.application";
		};
/* End PBXNativeTarget section */

/* Begin PBXProject section */
		0BED90D427F37A220083C7E4 /* Project object */ = {
			isa = PBXProject;
			attributes = {
				BuildIndependentTargetsInParallel = 1;
				LastSwiftUpdateCheck = 1320;
				LastUpgradeCheck = 1320;
				TargetAttributes = {
					0BED90DB27F37A220083C7E4 = {
						CreatedOnToolsVersion = 13.2.1;
					};
				};
			};
			buildConfigurationList = 0BED90D727F37A220083C7E4 /* Build configuration list for PBXProject "CaptainCook" */;
			compatibilityVersion = "Xcode 13.0";
			developmentRegion = en;
			hasScannedForEncodings = 0;
			knownRegions = (
				en,
				Base,
			);
			mainGroup = 0BED90D327F37A220083C7E4;
			packageReferences = (
				0BED90F727F37B6E0083C7E4 /* XCRemoteSwiftPackageReference "firebase-ios-sdk" */,
			);
			productRefGroup = 0BED90DD27F37A220083C7E4 /* Products */;
			projectDirPath = "";
			projectRoot = "";
			targets = (
				0BED90DB27F37A220083C7E4 /* CaptainCook */,
			);
		};
/* End PBXProject section */

/* Begin PBXResourcesBuildPhase section */
		0BED90DA27F37A220083C7E4 /* Resources */ = {
			isa = PBXResourcesBuildPhase;
			buildActionMask = 2147483647;
			files = (
				0BED90EC27F37A240083C7E4 /* LaunchScreen.storyboard in Resources */,
				0BED90F627F37B0C0083C7E4 /* GoogleService-Info.plist in Resources */,
				0BED90E927F37A240083C7E4 /* Assets.xcassets in Resources */,
				0BED90E727F37A220083C7E4 /* Main.storyboard in Resources */,
			);
			runOnlyForDeploymentPostprocessing = 0;
		};
/* End PBXResourcesBuildPhase section */

/* Begin PBXShellScriptBuildPhase section */
		0B1335BB2828144E00DEC638 /* ShellScript */ = {
			isa = PBXShellScriptBuildPhase;
			buildActionMask = 2147483647;
			files = (
			);
			inputFileListPaths = (
			);
			inputPaths = (
				"${DWARF_DSYM_FOLDER_PATH}/${DWARF_DSYM_FILE_NAME}/Contents/Resources/DWARF/${TARGET_NAME}",
				"$(SRCROOT)/$(BUILT_PRODUCTS_DIR)/$(INFOPLIST_PATH)",
			);
			outputFileListPaths = (
			);
			outputPaths = (
			);
			runOnlyForDeploymentPostprocessing = 0;
			shellPath = /bin/sh;
			shellScript = "\"${BUILD_DIR%/Build/*}/SourcePackages/checkouts/firebase-ios-sdk/Crashlytics/run\"\n";
		};
/* End PBXShellScriptBuildPhase section */

/* Begin PBXSourcesBuildPhase section */
		0BED90D827F37A220083C7E4 /* Sources */ = {
			isa = PBXSourcesBuildPhase;
			buildActionMask = 2147483647;
			files = (
				0BED90E427F37A220083C7E4 /* ViewController.swift in Sources */,
				0BED90E027F37A220083C7E4 /* AppDelegate.swift in Sources */,
				0BED90E227F37A220083C7E4 /* SceneDelegate.swift in Sources */,
			);
			runOnlyForDeploymentPostprocessing = 0;
		};
/* End PBXSourcesBuildPhase section */

/* Begin PBXVariantGroup section */
		0BED90E527F37A220083C7E4 /* Main.storyboard */ = {
			isa = PBXVariantGroup;
			children = (
				0BED90E627F37A220083C7E4 /* Base */,
			);
			name = Main.storyboard;
			sourceTree = "<group>";
		};
		0BED90EA27F37A240083C7E4 /* LaunchScreen.storyboard */ = {
			isa = PBXVariantGroup;
			children = (
				0BED90EB27F37A240083C7E4 /* Base */,
			);
			name = LaunchScreen.storyboard;
			sourceTree = "<group>";
		};
/* End PBXVariantGroup section */

/* Begin XCBuildConfiguration section */
		0BED90EE27F37A240083C7E4 /* Debug */ = {
			isa = XCBuildConfiguration;
			buildSettings = {
				ALWAYS_SEARCH_USER_PATHS = NO;
				CLANG_ANALYZER_NONNULL = YES;
				CLANG_ANALYZER_NUMBER_OBJECT_CONVERSION = YES_AGGRESSIVE;
				CLANG_CXX_LANGUAGE_STANDARD = "gnu++17";
				CLANG_CXX_LIBRARY = "libc++";
				CLANG_ENABLE_MODULES = YES;
				CLANG_ENABLE_OBJC_ARC = YES;
				CLANG_ENABLE_OBJC_WEAK = YES;
				CLANG_WARN_BLOCK_CAPTURE_AUTORELEASING = YES;
				CLANG_WARN_BOOL_CONVERSION = YES;
				CLANG_WARN_COMMA = YES;
				CLANG_WARN_CONSTANT_CONVERSION = YES;
				CLANG_WARN_DEPRECATED_OBJC_IMPLEMENTATIONS = YES;
				CLANG_WARN_DIRECT_OBJC_ISA_USAGE = YES_ERROR;
				CLANG_WARN_DOCUMENTATION_COMMENTS = YES;
				CLANG_WARN_EMPTY_BODY = YES;
				CLANG_WARN_ENUM_CONVERSION = YES;
				CLANG_WARN_INFINITE_RECURSION = YES;
				CLANG_WARN_INT_CONVERSION = YES;
				CLANG_WARN_NON_LITERAL_NULL_CONVERSION = YES;
				CLANG_WARN_OBJC_IMPLICIT_RETAIN_SELF = YES;
				CLANG_WARN_OBJC_LITERAL_CONVERSION = YES;
				CLANG_WARN_OBJC_ROOT_CLASS = YES_ERROR;
				CLANG_WARN_QUOTED_INCLUDE_IN_FRAMEWORK_HEADER = YES;
				CLANG_WARN_RANGE_LOOP_ANALYSIS = YES;
				CLANG_WARN_STRICT_PROTOTYPES = YES;
				CLANG_WARN_SUSPICIOUS_MOVE = YES;
				CLANG_WARN_UNGUARDED_AVAILABILITY = YES_AGGRESSIVE;
				CLANG_WARN_UNREACHABLE_CODE = YES;
				CLANG_WARN__DUPLICATE_METHOD_MATCH = YES;
				COPY_PHASE_STRIP = NO;
				DEBUG_INFORMATION_FORMAT = dwarf;
				ENABLE_STRICT_OBJC_MSGSEND = YES;
				ENABLE_TESTABILITY = YES;
				GCC_C_LANGUAGE_STANDARD = gnu11;
				GCC_DYNAMIC_NO_PIC = NO;
				GCC_NO_COMMON_BLOCKS = YES;
				GCC_OPTIMIZATION_LEVEL = 0;
				GCC_PREPROCESSOR_DEFINITIONS = (
					"DEBUG=1",
					"$(inherited)",
				);
				GCC_WARN_64_TO_32_BIT_CONVERSION = YES;
				GCC_WARN_ABOUT_RETURN_TYPE = YES_ERROR;
				GCC_WARN_UNDECLARED_SELECTOR = YES;
				GCC_WARN_UNINITIALIZED_AUTOS = YES_AGGRESSIVE;
				GCC_WARN_UNUSED_FUNCTION = YES;
				GCC_WARN_UNUSED_VARIABLE = YES;
				IPHONEOS_DEPLOYMENT_TARGET = 15.2;
				MTL_ENABLE_DEBUG_INFO = INCLUDE_SOURCE;
				MTL_FAST_MATH = YES;
				ONLY_ACTIVE_ARCH = YES;
				SDKROOT = iphoneos;
				SWIFT_ACTIVE_COMPILATION_CONDITIONS = DEBUG;
				SWIFT_OPTIMIZATION_LEVEL = "-Onone";
			};
			name = Debug;
		};
		0BED90EF27F37A240083C7E4 /* Release */ = {
			isa = XCBuildConfiguration;
			buildSettings = {
				ALWAYS_SEARCH_USER_PATHS = NO;
				CLANG_ANALYZER_NONNULL = YES;
				CLANG_ANALYZER_NUMBER_OBJECT_CONVERSION = YES_AGGRESSIVE;
				CLANG_CXX_LANGUAGE_STANDARD = "gnu++17";
				CLANG_CXX_LIBRARY = "libc++";
				CLANG_ENABLE_MODULES = YES;
				CLANG_ENABLE_OBJC_ARC = YES;
				CLANG_ENABLE_OBJC_WEAK = YES;
				CLANG_WARN_BLOCK_CAPTURE_AUTORELEASING = YES;
				CLANG_WARN_BOOL_CONVERSION = YES;
				CLANG_WARN_COMMA = YES;
				CLANG_WARN_CONSTANT_CONVERSION = YES;
				CLANG_WARN_DEPRECATED_OBJC_IMPLEMENTATIONS = YES;
				CLANG_WARN_DIRECT_OBJC_ISA_USAGE = YES_ERROR;
				CLANG_WARN_DOCUMENTATION_COMMENTS = YES;
				CLANG_WARN_EMPTY_BODY = YES;
				CLANG_WARN_ENUM_CONVERSION = YES;
				CLANG_WARN_INFINITE_RECURSION = YES;
				CLANG_WARN_INT_CONVERSION = YES;
				CLANG_WARN_NON_LITERAL_NULL_CONVERSION = YES;
				CLANG_WARN_OBJC_IMPLICIT_RETAIN_SELF = YES;
				CLANG_WARN_OBJC_LITERAL_CONVERSION = YES;
				CLANG_WARN_OBJC_ROOT_CLASS = YES_ERROR;
				CLANG_WARN_QUOTED_INCLUDE_IN_FRAMEWORK_HEADER = YES;
				CLANG_WARN_RANGE_LOOP_ANALYSIS = YES;
				CLANG_WARN_STRICT_PROTOTYPES = YES;
				CLANG_WARN_SUSPICIOUS_MOVE = YES;
				CLANG_WARN_UNGUARDED_AVAILABILITY = YES_AGGRESSIVE;
				CLANG_WARN_UNREACHABLE_CODE = YES;
				CLANG_WARN__DUPLICATE_METHOD_MATCH = YES;
				COPY_PHASE_STRIP = NO;
				DEBUG_INFORMATION_FORMAT = "dwarf-with-dsym";
				ENABLE_NS_ASSERTIONS = NO;
				ENABLE_STRICT_OBJC_MSGSEND = YES;
				GCC_C_LANGUAGE_STANDARD = gnu11;
				GCC_NO_COMMON_BLOCKS = YES;
				GCC_WARN_64_TO_32_BIT_CONVERSION = YES;
				GCC_WARN_ABOUT_RETURN_TYPE = YES_ERROR;
				GCC_WARN_UNDECLARED_SELECTOR = YES;
				GCC_WARN_UNINITIALIZED_AUTOS = YES_AGGRESSIVE;
				GCC_WARN_UNUSED_FUNCTION = YES;
				GCC_WARN_UNUSED_VARIABLE = YES;
				IPHONEOS_DEPLOYMENT_TARGET = 15.2;
				MTL_ENABLE_DEBUG_INFO = NO;
				MTL_FAST_MATH = YES;
				SDKROOT = iphoneos;
				SWIFT_COMPILATION_MODE = wholemodule;
				SWIFT_OPTIMIZATION_LEVEL = "-O";
				VALIDATE_PRODUCT = YES;
			};
			name = Release;
		};
		0BED90F127F37A240083C7E4 /* Debug */ = {
			isa = XCBuildConfiguration;
			buildSettings = {
				ASSETCATALOG_COMPILER_APPICON_NAME = AppIcon;
				ASSETCATALOG_COMPILER_GLOBAL_ACCENT_COLOR_NAME = AccentColor;
				CODE_SIGN_STYLE = Automatic;
				CURRENT_PROJECT_VERSION = 1;
				DEBUG_INFORMATION_FORMAT = "dwarf-with-dsym";
				DEVELOPMENT_TEAM = 367ZAVGC7L;
				GENERATE_INFOPLIST_FILE = YES;
				INFOPLIST_FILE = CaptainCook/Info.plist;
				INFOPLIST_KEY_UIApplicationSupportsIndirectInputEvents = YES;
				INFOPLIST_KEY_UILaunchStoryboardName = LaunchScreen;
				INFOPLIST_KEY_UIMainStoryboardFile = Main;
				INFOPLIST_KEY_UISupportedInterfaceOrientations_iPad = "UIInterfaceOrientationPortrait UIInterfaceOrientationPortraitUpsideDown UIInterfaceOrientationLandscapeLeft UIInterfaceOrientationLandscapeRight";
				INFOPLIST_KEY_UISupportedInterfaceOrientations_iPhone = "UIInterfaceOrientationPortrait UIInterfaceOrientationLandscapeLeft UIInterfaceOrientationLandscapeRight";
				LD_RUNPATH_SEARCH_PATHS = (
					"$(inherited)",
					"@executable_path/Frameworks",
				);
				MARKETING_VERSION = 1.0;
				PRODUCT_BUNDLE_IDENTIFIER = megnouchez.CaptainCook;
				PRODUCT_NAME = "$(TARGET_NAME)";
				SWIFT_EMIT_LOC_STRINGS = YES;
				SWIFT_VERSION = 5.0;
				TARGETED_DEVICE_FAMILY = "1,2";
			};
			name = Debug;
		};
		0BED90F227F37A240083C7E4 /* Release */ = {
			isa = XCBuildConfiguration;
			buildSettings = {
				ASSETCATALOG_COMPILER_APPICON_NAME = AppIcon;
				ASSETCATALOG_COMPILER_GLOBAL_ACCENT_COLOR_NAME = AccentColor;
				CODE_SIGN_STYLE = Automatic;
				CURRENT_PROJECT_VERSION = 1;
				DEVELOPMENT_TEAM = 367ZAVGC7L;
				GENERATE_INFOPLIST_FILE = YES;
				INFOPLIST_FILE = CaptainCook/Info.plist;
				INFOPLIST_KEY_UIApplicationSupportsIndirectInputEvents = YES;
				INFOPLIST_KEY_UILaunchStoryboardName = LaunchScreen;
				INFOPLIST_KEY_UIMainStoryboardFile = Main;
				INFOPLIST_KEY_UISupportedInterfaceOrientations_iPad = "UIInterfaceOrientationPortrait UIInterfaceOrientationPortraitUpsideDown UIInterfaceOrientationLandscapeLeft UIInterfaceOrientationLandscapeRight";
				INFOPLIST_KEY_UISupportedInterfaceOrientations_iPhone = "UIInterfaceOrientationPortrait UIInterfaceOrientationLandscapeLeft UIInterfaceOrientationLandscapeRight";
				LD_RUNPATH_SEARCH_PATHS = (
					"$(inherited)",
					"@executable_path/Frameworks",
				);
				MARKETING_VERSION = 1.0;
				PRODUCT_BUNDLE_IDENTIFIER = megnouchez.CaptainCook;
				PRODUCT_NAME = "$(TARGET_NAME)";
				SWIFT_EMIT_LOC_STRINGS = YES;
				SWIFT_VERSION = 5.0;
				TARGETED_DEVICE_FAMILY = "1,2";
			};
			name = Release;
		};
/* End XCBuildConfiguration section */

/* Begin XCConfigurationList section */
		0BED90D727F37A220083C7E4 /* Build configuration list for PBXProject "CaptainCook" */ = {
			isa = XCConfigurationList;
			buildConfigurations = (
				0BED90EE27F37A240083C7E4 /* Debug */,
				0BED90EF27F37A240083C7E4 /* Release */,
			);
			defaultConfigurationIsVisible = 0;
			defaultConfigurationName = Release;
		};
		0BED90F027F37A240083C7E4 /* Build configuration list for PBXNativeTarget "CaptainCook" */ = {
			isa = XCConfigurationList;
			buildConfigurations = (
				0BED90F127F37A240083C7E4 /* Debug */,
				0BED90F227F37A240083C7E4 /* Release */,
			);
			defaultConfigurationIsVisible = 0;
			defaultConfigurationName = Release;
		};
/* End XCConfigurationList section */

/* Begin XCRemoteSwiftPackageReference section */
		0BED90F727F37B6E0083C7E4 /* XCRemoteSwiftPackageReference "firebase-ios-sdk" */ = {
			isa = XCRemoteSwiftPackageReference;
			repositoryURL = "https://github.com/firebase/firebase-ios-sdk";
			requirement = {
				branch = master;
				kind = branch;
			};
		};
/* End XCRemoteSwiftPackageReference section */

/* Begin XCSwiftPackageProductDependency section */
		0BED90F827F37B6E0083C7E4 /* FirebaseAnalytics */ = {
			isa = XCSwiftPackageProductDependency;
			package = 0BED90F727F37B6E0083C7E4 /* XCRemoteSwiftPackageReference "firebase-ios-sdk" */;
			productName = FirebaseAnalytics;
		};
		0BED90FA27F37B6E0083C7E4 /* FirebaseAnalyticsSwift-Beta */ = {
			isa = XCSwiftPackageProductDependency;
			package = 0BED90F727F37B6E0083C7E4 /* XCRemoteSwiftPackageReference "firebase-ios-sdk" */;
			productName = "FirebaseAnalyticsSwift-Beta";
		};
		0BED90FC27F37B6E0083C7E4 /* FirebaseAnalyticsWithoutAdIdSupport */ = {
			isa = XCSwiftPackageProductDependency;
			package = 0BED90F727F37B6E0083C7E4 /* XCRemoteSwiftPackageReference "firebase-ios-sdk" */;
			productName = FirebaseAnalyticsWithoutAdIdSupport;
		};
		0BED90FE27F37B6E0083C7E4 /* FirebaseAppCheck */ = {
			isa = XCSwiftPackageProductDependency;
			package = 0BED90F727F37B6E0083C7E4 /* XCRemoteSwiftPackageReference "firebase-ios-sdk" */;
			productName = FirebaseAppCheck;
		};
		0BED910027F37B6E0083C7E4 /* FirebaseAppDistribution-Beta */ = {
			isa = XCSwiftPackageProductDependency;
			package = 0BED90F727F37B6E0083C7E4 /* XCRemoteSwiftPackageReference "firebase-ios-sdk" */;
			productName = "FirebaseAppDistribution-Beta";
		};
		0BED910227F37B6E0083C7E4 /* FirebaseAuth */ = {
			isa = XCSwiftPackageProductDependency;
			package = 0BED90F727F37B6E0083C7E4 /* XCRemoteSwiftPackageReference "firebase-ios-sdk" */;
			productName = FirebaseAuth;
		};
		0BED910427F37B6E0083C7E4 /* FirebaseAuthCombine-Community */ = {
			isa = XCSwiftPackageProductDependency;
			package = 0BED90F727F37B6E0083C7E4 /* XCRemoteSwiftPackageReference "firebase-ios-sdk" */;
			productName = "FirebaseAuthCombine-Community";
		};
		0BED910627F37B6E0083C7E4 /* FirebaseCrashlytics */ = {
			isa = XCSwiftPackageProductDependency;
			package = 0BED90F727F37B6E0083C7E4 /* XCRemoteSwiftPackageReference "firebase-ios-sdk" */;
			productName = FirebaseCrashlytics;
		};
		0BED910827F37B6E0083C7E4 /* FirebaseDatabase */ = {
			isa = XCSwiftPackageProductDependency;
			package = 0BED90F727F37B6E0083C7E4 /* XCRemoteSwiftPackageReference "firebase-ios-sdk" */;
			productName = FirebaseDatabase;
		};
		0BED910A27F37B6E0083C7E4 /* FirebaseDatabaseSwift-Beta */ = {
			isa = XCSwiftPackageProductDependency;
			package = 0BED90F727F37B6E0083C7E4 /* XCRemoteSwiftPackageReference "firebase-ios-sdk" */;
			productName = "FirebaseDatabaseSwift-Beta";
		};
		0BED910C27F37B6E0083C7E4 /* FirebaseDynamicLinks */ = {
			isa = XCSwiftPackageProductDependency;
			package = 0BED90F727F37B6E0083C7E4 /* XCRemoteSwiftPackageReference "firebase-ios-sdk" */;
			productName = FirebaseDynamicLinks;
		};
		0BED910E27F37B6E0083C7E4 /* FirebaseFirestore */ = {
			isa = XCSwiftPackageProductDependency;
			package = 0BED90F727F37B6E0083C7E4 /* XCRemoteSwiftPackageReference "firebase-ios-sdk" */;
			productName = FirebaseFirestore;
		};
		0BED911027F37B6E0083C7E4 /* FirebaseFirestoreCombine-Community */ = {
			isa = XCSwiftPackageProductDependency;
			package = 0BED90F727F37B6E0083C7E4 /* XCRemoteSwiftPackageReference "firebase-ios-sdk" */;
			productName = "FirebaseFirestoreCombine-Community";
		};
		0BED911227F37B6E0083C7E4 /* FirebaseFirestoreSwift-Beta */ = {
			isa = XCSwiftPackageProductDependency;
			package = 0BED90F727F37B6E0083C7E4 /* XCRemoteSwiftPackageReference "firebase-ios-sdk" */;
			productName = "FirebaseFirestoreSwift-Beta";
		};
		0BED911427F37B6F0083C7E4 /* FirebaseFunctions */ = {
			isa = XCSwiftPackageProductDependency;
			package = 0BED90F727F37B6E0083C7E4 /* XCRemoteSwiftPackageReference "firebase-ios-sdk" */;
			productName = FirebaseFunctions;
		};
		0BED911627F37B6F0083C7E4 /* FirebaseFunctionsCombine-Community */ = {
			isa = XCSwiftPackageProductDependency;
			package = 0BED90F727F37B6E0083C7E4 /* XCRemoteSwiftPackageReference "firebase-ios-sdk" */;
			productName = "FirebaseFunctionsCombine-Community";
		};
		0BED911827F37B6F0083C7E4 /* FirebaseFunctionsSwift-Beta */ = {
			isa = XCSwiftPackageProductDependency;
			package = 0BED90F727F37B6E0083C7E4 /* XCRemoteSwiftPackageReference "firebase-ios-sdk" */;
			productName = "FirebaseFunctionsSwift-Beta";
		};
		0BED911A27F37B6F0083C7E4 /* FirebaseInAppMessaging-Beta */ = {
			isa = XCSwiftPackageProductDependency;
			package = 0BED90F727F37B6E0083C7E4 /* XCRemoteSwiftPackageReference "firebase-ios-sdk" */;
			productName = "FirebaseInAppMessaging-Beta";
		};
		0BED911C27F37B6F0083C7E4 /* FirebaseInAppMessagingSwift-Beta */ = {
			isa = XCSwiftPackageProductDependency;
			package = 0BED90F727F37B6E0083C7E4 /* XCRemoteSwiftPackageReference "firebase-ios-sdk" */;
			productName = "FirebaseInAppMessagingSwift-Beta";
		};
		0BED911E27F37B6F0083C7E4 /* FirebaseInstallations */ = {
			isa = XCSwiftPackageProductDependency;
			package = 0BED90F727F37B6E0083C7E4 /* XCRemoteSwiftPackageReference "firebase-ios-sdk" */;
			productName = FirebaseInstallations;
		};
		0BED912027F37B6F0083C7E4 /* FirebaseMLModelDownloader */ = {
			isa = XCSwiftPackageProductDependency;
			package = 0BED90F727F37B6E0083C7E4 /* XCRemoteSwiftPackageReference "firebase-ios-sdk" */;
			productName = FirebaseMLModelDownloader;
		};
		0BED912227F37B6F0083C7E4 /* FirebaseMessaging */ = {
			isa = XCSwiftPackageProductDependency;
			package = 0BED90F727F37B6E0083C7E4 /* XCRemoteSwiftPackageReference "firebase-ios-sdk" */;
			productName = FirebaseMessaging;
		};
		0BED912427F37B6F0083C7E4 /* FirebasePerformance */ = {
			isa = XCSwiftPackageProductDependency;
			package = 0BED90F727F37B6E0083C7E4 /* XCRemoteSwiftPackageReference "firebase-ios-sdk" */;
			productName = FirebasePerformance;
		};
		0BED912627F37B6F0083C7E4 /* FirebaseRemoteConfig */ = {
			isa = XCSwiftPackageProductDependency;
			package = 0BED90F727F37B6E0083C7E4 /* XCRemoteSwiftPackageReference "firebase-ios-sdk" */;
			productName = FirebaseRemoteConfig;
		};
		0BED912827F37B6F0083C7E4 /* FirebaseRemoteConfigSwift-Beta */ = {
			isa = XCSwiftPackageProductDependency;
			package = 0BED90F727F37B6E0083C7E4 /* XCRemoteSwiftPackageReference "firebase-ios-sdk" */;
			productName = "FirebaseRemoteConfigSwift-Beta";
		};
		0BED912A27F37B6F0083C7E4 /* FirebaseStorage */ = {
			isa = XCSwiftPackageProductDependency;
			package = 0BED90F727F37B6E0083C7E4 /* XCRemoteSwiftPackageReference "firebase-ios-sdk" */;
			productName = FirebaseStorage;
		};
		0BED912C27F37B6F0083C7E4 /* FirebaseStorageCombine-Community */ = {
			isa = XCSwiftPackageProductDependency;
			package = 0BED90F727F37B6E0083C7E4 /* XCRemoteSwiftPackageReference "firebase-ios-sdk" */;
			productName = "FirebaseStorageCombine-Community";
		};
		0BED912E27F37B6F0083C7E4 /* FirebaseStorageSwift-Beta */ = {
			isa = XCSwiftPackageProductDependency;
			package = 0BED90F727F37B6E0083C7E4 /* XCRemoteSwiftPackageReference "firebase-ios-sdk" */;
			productName = "FirebaseStorageSwift-Beta";
		};
/* End XCSwiftPackageProductDependency section */
	};
	rootObject = 0BED90D427F37A220083C7E4 /* Project object */;
}
